
Microsoft Visual Studio Solution File, Format Version 12.00
# Visual Studio Version 16
VisualStudioVersion = 16.0.30225.117
MinimumVisualStudioVersion = 10.0.40219.1
Project("{FAE04EC0-301F-11D3-BF4B-00C04F79EFBC}") = "SwapNumber", "SwapNumber\SwapNumber.csproj", "{A24B31A5-834C-429B-83D3-7F51E67BF3FB}"
EndProject
Global
	GlobalSection(SolutionConfigurationPlatforms) = preSolution
		Debug|Any CPU = Debug|Any CPU
		Release|Any CPU = Release|Any CPU
	EndGlobalSection
	GlobalSection(ProjectConfigurationPlatforms) = postSolution
		{A24B31A5-834C-429B-83D3-7F51E67BF3FB}.Debug|Any CPU.ActiveCfg = Debug|Any CPU
		{A24B31A5-834C-429B-83D3-7F51E67BF3FB}.Debug|Any CPU.Build.0 = Debug|Any CPU
		{A24B31A5-834C-429B-83D3-7F51E67BF3FB}.Release|Any CPU.ActiveCfg = Release|Any CPU
		{A24B31A5-834C-429B-83D3-7F51E67BF3FB}.Release|Any CPU.Build.0 = Release|Any CPU
	EndGlobalSection
	GlobalSection(SolutionProperties) = preSolution
		HideSolutionNode = FALSE
	EndGlobalSection
	GlobalSection(ExtensibilityGlobals) = postSolution
		SolutionGuid = {D6C184C2-A309-4B78-A15B-BE42959681C2}
	EndGlobalSection
EndGlobal
